
Microsoft Visual Studio Solution File, Format Version 12.00
# Visual Studio Version 16
VisualStudioVersion = 16.0.30114.105
MinimumVisualStudioVersion = 10.0.40219.1
Project("{FAE04EC0-301F-11D3-BF4B-00C04F79EFBC}") = "WepApi", "WepApi\WepApi.csproj", "{E57B8094-8E56-466B-A4A9-B73BE247D631}"
EndProject
Global
	GlobalSection(SolutionConfigurationPlatforms) = preSolution
		Debug|Any CPU = Debug|Any CPU
		Release|Any CPU = Release|Any CPU
	EndGlobalSection
	GlobalSection(SolutionProperties) = preSolution
		HideSolutionNode = FALSE
	EndGlobalSection
	GlobalSection(ProjectConfigurationPlatforms) = postSolution
		{E57B8094-8E56-466B-A4A9-B73BE247D631}.Debug|Any CPU.ActiveCfg = Debug|Any CPU
		{E57B8094-8E56-466B-A4A9-B73BE247D631}.Debug|Any CPU.Build.0 = Debug|Any CPU
		{E57B8094-8E56-466B-A4A9-B73BE247D631}.Release|Any CPU.ActiveCfg = Release|Any CPU
		{E57B8094-8E56-466B-A4A9-B73BE247D631}.Release|Any CPU.Build.0 = Release|Any CPU
	EndGlobalSection
EndGlobal
