
Microsoft Visual Studio Solution File, Format Version 12.00
# Visual Studio Version 16
VisualStudioVersion = 16.0.32630.194
MinimumVisualStudioVersion = 10.0.40219.1
Project("{FAE04EC0-301F-11D3-BF4B-00C04F79EFBC}") = "OrtalamaHesaplama", "OrtalamaHesaplama.csproj", "{7804568A-5015-4FCB-B7F3-5CF378AC12EC}"
EndProject
Global
	GlobalSection(SolutionConfigurationPlatforms) = preSolution
		Debug|Any CPU = Debug|Any CPU
		Release|Any CPU = Release|Any CPU
	EndGlobalSection
	GlobalSection(ProjectConfigurationPlatforms) = postSolution
		{7804568A-5015-4FCB-B7F3-5CF378AC12EC}.Debug|Any CPU.ActiveCfg = Debug|Any CPU
		{7804568A-5015-4FCB-B7F3-5CF378AC12EC}.Debug|Any CPU.Build.0 = Debug|Any CPU
		{7804568A-5015-4FCB-B7F3-5CF378AC12EC}.Release|Any CPU.ActiveCfg = Release|Any CPU
		{7804568A-5015-4FCB-B7F3-5CF378AC12EC}.Release|Any CPU.Build.0 = Release|Any CPU
	EndGlobalSection
	GlobalSection(SolutionProperties) = preSolution
		HideSolutionNode = FALSE
	EndGlobalSection
	GlobalSection(ExtensibilityGlobals) = postSolution
		SolutionGuid = {D27886E5-2C0E-4CA6-910D-196671984EFE}
	EndGlobalSection
EndGlobal
