
Microsoft Visual Studio Solution File, Format Version 12.00
# Visual Studio Version 16
VisualStudioVersion = 16.0.31424.327
MinimumVisualStudioVersion = 10.0.40219.1
Project("{FAE04EC0-301F-11D3-BF4B-00C04F79EFBC}") = "odev3TipDonusumu", "odev3TipDonusumu\odev3TipDonusumu.csproj", "{D0DED739-ED7C-48D1-A39A-D5AB2154A45B}"
EndProject
Global
	GlobalSection(SolutionConfigurationPlatforms) = preSolution
		Debug|Any CPU = Debug|Any CPU
		Release|Any CPU = Release|Any CPU
	EndGlobalSection
	GlobalSection(ProjectConfigurationPlatforms) = postSolution
		{D0DED739-ED7C-48D1-A39A-D5AB2154A45B}.Debug|Any CPU.ActiveCfg = Debug|Any CPU
		{D0DED739-ED7C-48D1-A39A-D5AB2154A45B}.Debug|Any CPU.Build.0 = Debug|Any CPU
		{D0DED739-ED7C-48D1-A39A-D5AB2154A45B}.Release|Any CPU.ActiveCfg = Release|Any CPU
		{D0DED739-ED7C-48D1-A39A-D5AB2154A45B}.Release|Any CPU.Build.0 = Release|Any CPU
	EndGlobalSection
	GlobalSection(SolutionProperties) = preSolution
		HideSolutionNode = FALSE
	EndGlobalSection
	GlobalSection(ExtensibilityGlobals) = postSolution
		SolutionGuid = {305AFF10-408A-4EEC-A92B-A9EE8BB4D321}
	EndGlobalSection
EndGlobal
