
Microsoft Visual Studio Solution File, Format Version 12.00
# Visual Studio Version 16
VisualStudioVersion = 16.0.31424.327
MinimumVisualStudioVersion = 10.0.40219.1
Project("{FAE04EC0-301F-11D3-BF4B-00C04F79EFBC}") = "odev7CSharpFor", "odev7CSharpFor\odev7CSharpFor.csproj", "{BED28EC4-A36E-4441-9D2A-B4D92719ECC6}"
EndProject
Global
	GlobalSection(SolutionConfigurationPlatforms) = preSolution
		Debug|Any CPU = Debug|Any CPU
		Release|Any CPU = Release|Any CPU
	EndGlobalSection
	GlobalSection(ProjectConfigurationPlatforms) = postSolution
		{BED28EC4-A36E-4441-9D2A-B4D92719ECC6}.Debug|Any CPU.ActiveCfg = Debug|Any CPU
		{BED28EC4-A36E-4441-9D2A-B4D92719ECC6}.Debug|Any CPU.Build.0 = Debug|Any CPU
		{BED28EC4-A36E-4441-9D2A-B4D92719ECC6}.Release|Any CPU.ActiveCfg = Release|Any CPU
		{BED28EC4-A36E-4441-9D2A-B4D92719ECC6}.Release|Any CPU.Build.0 = Release|Any CPU
	EndGlobalSection
	GlobalSection(SolutionProperties) = preSolution
		HideSolutionNode = FALSE
	EndGlobalSection
	GlobalSection(ExtensibilityGlobals) = postSolution
		SolutionGuid = {E4D8B744-8C77-43CE-8503-E05207CE5A15}
	EndGlobalSection
EndGlobal
