
Microsoft Visual Studio Solution File, Format Version 12.00
# Visual Studio Version 16
VisualStudioVersion = 16.0.31424.327
MinimumVisualStudioVersion = 10.0.40219.1
Project("{FAE04EC0-301F-11D3-BF4B-00C04F79EFBC}") = "odev8CSharpDongu2", "odev8CSharpDongu2\odev8CSharpDongu2.csproj", "{21F93971-7E7D-437B-B624-116064D5695F}"
EndProject
Global
	GlobalSection(SolutionConfigurationPlatforms) = preSolution
		Debug|Any CPU = Debug|Any CPU
		Release|Any CPU = Release|Any CPU
	EndGlobalSection
	GlobalSection(ProjectConfigurationPlatforms) = postSolution
		{21F93971-7E7D-437B-B624-116064D5695F}.Debug|Any CPU.ActiveCfg = Debug|Any CPU
		{21F93971-7E7D-437B-B624-116064D5695F}.Debug|Any CPU.Build.0 = Debug|Any CPU
		{21F93971-7E7D-437B-B624-116064D5695F}.Release|Any CPU.ActiveCfg = Release|Any CPU
		{21F93971-7E7D-437B-B624-116064D5695F}.Release|Any CPU.Build.0 = Release|Any CPU
	EndGlobalSection
	GlobalSection(SolutionProperties) = preSolution
		HideSolutionNode = FALSE
	EndGlobalSection
	GlobalSection(ExtensibilityGlobals) = postSolution
		SolutionGuid = {E3E2EC8E-AB2D-4B5A-83BD-454FDD7D6EEC}
	EndGlobalSection
EndGlobal
