
Microsoft Visual Studio Solution File, Format Version 12.00
# Visual Studio Version 16
VisualStudioVersion = 16.0.32630.194
MinimumVisualStudioVersion = 10.0.40219.1
Project("{FAE04EC0-301F-11D3-BF4B-00C04F79EFBC}") = "ATMApp", "ATMApp.csproj", "{9A9FAD02-3C71-4E7E-9DBC-C013B0B4EAC9}"
EndProject
Global
	GlobalSection(SolutionConfigurationPlatforms) = preSolution
		Debug|Any CPU = Debug|Any CPU
		Release|Any CPU = Release|Any CPU
	EndGlobalSection
	GlobalSection(ProjectConfigurationPlatforms) = postSolution
		{9A9FAD02-3C71-4E7E-9DBC-C013B0B4EAC9}.Debug|Any CPU.ActiveCfg = Debug|Any CPU
		{9A9FAD02-3C71-4E7E-9DBC-C013B0B4EAC9}.Debug|Any CPU.Build.0 = Debug|Any CPU
		{9A9FAD02-3C71-4E7E-9DBC-C013B0B4EAC9}.Release|Any CPU.ActiveCfg = Release|Any CPU
		{9A9FAD02-3C71-4E7E-9DBC-C013B0B4EAC9}.Release|Any CPU.Build.0 = Release|Any CPU
	EndGlobalSection
	GlobalSection(SolutionProperties) = preSolution
		HideSolutionNode = FALSE
	EndGlobalSection
	GlobalSection(ExtensibilityGlobals) = postSolution
		SolutionGuid = {95FE4ADB-3B1A-43F1-9983-9AEFBE269F4C}
	EndGlobalSection
EndGlobal
