
Microsoft Visual Studio Solution File, Format Version 12.00
# Visual Studio Version 16
VisualStudioVersion = 16.0.31424.327
MinimumVisualStudioVersion = 10.0.40219.1
Project("{FAE04EC0-301F-11D3-BF4B-00C04F79EFBC}") = "odev1VariablesCSharp", "odev1VariablesCSharp\odev1VariablesCSharp.csproj", "{F516F079-F4E7-44A8-A8D7-ECB33302C750}"
EndProject
Global
	GlobalSection(SolutionConfigurationPlatforms) = preSolution
		Debug|Any CPU = Debug|Any CPU
		Release|Any CPU = Release|Any CPU
	EndGlobalSection
	GlobalSection(ProjectConfigurationPlatforms) = postSolution
		{F516F079-F4E7-44A8-A8D7-ECB33302C750}.Debug|Any CPU.ActiveCfg = Debug|Any CPU
		{F516F079-F4E7-44A8-A8D7-ECB33302C750}.Debug|Any CPU.Build.0 = Debug|Any CPU
		{F516F079-F4E7-44A8-A8D7-ECB33302C750}.Release|Any CPU.ActiveCfg = Release|Any CPU
		{F516F079-F4E7-44A8-A8D7-ECB33302C750}.Release|Any CPU.Build.0 = Release|Any CPU
	EndGlobalSection
	GlobalSection(SolutionProperties) = preSolution
		HideSolutionNode = FALSE
	EndGlobalSection
	GlobalSection(ExtensibilityGlobals) = postSolution
		SolutionGuid = {8CDA6D4A-A09F-4C25-AB83-001D18BEB56C}
	EndGlobalSection
EndGlobal
