
Microsoft Visual Studio Solution File, Format Version 12.00
# Visual Studio Version 16
VisualStudioVersion = 16.0.32630.194
MinimumVisualStudioVersion = 10.0.40219.1
Project("{FAE04EC0-301F-11D3-BF4B-00C04F79EFBC}") = "AreaCalc", "AreaCalc.csproj", "{C8715E58-DBD7-416A-807D-10287FADAF30}"
EndProject
Global
	GlobalSection(SolutionConfigurationPlatforms) = preSolution
		Debug|Any CPU = Debug|Any CPU
		Release|Any CPU = Release|Any CPU
	EndGlobalSection
	GlobalSection(ProjectConfigurationPlatforms) = postSolution
		{C8715E58-DBD7-416A-807D-10287FADAF30}.Debug|Any CPU.ActiveCfg = Debug|Any CPU
		{C8715E58-DBD7-416A-807D-10287FADAF30}.Debug|Any CPU.Build.0 = Debug|Any CPU
		{C8715E58-DBD7-416A-807D-10287FADAF30}.Release|Any CPU.ActiveCfg = Release|Any CPU
		{C8715E58-DBD7-416A-807D-10287FADAF30}.Release|Any CPU.Build.0 = Release|Any CPU
	EndGlobalSection
	GlobalSection(SolutionProperties) = preSolution
		HideSolutionNode = FALSE
	EndGlobalSection
	GlobalSection(ExtensibilityGlobals) = postSolution
		SolutionGuid = {0022C421-A670-45D2-91BC-5632F7ABDA8C}
	EndGlobalSection
EndGlobal
