
Microsoft Visual Studio Solution File, Format Version 12.00
# Visual Studio Version 16
VisualStudioVersion = 16.0.32630.194
MinimumVisualStudioVersion = 10.0.40219.1
Project("{FAE04EC0-301F-11D3-BF4B-00C04F79EFBC}") = "CharacterReversePrinting", "CharacterReversePrinting.csproj", "{14F6A855-F918-46EE-A307-3DD795874A61}"
EndProject
Global
	GlobalSection(SolutionConfigurationPlatforms) = preSolution
		Debug|Any CPU = Debug|Any CPU
		Release|Any CPU = Release|Any CPU
	EndGlobalSection
	GlobalSection(ProjectConfigurationPlatforms) = postSolution
		{14F6A855-F918-46EE-A307-3DD795874A61}.Debug|Any CPU.ActiveCfg = Debug|Any CPU
		{14F6A855-F918-46EE-A307-3DD795874A61}.Debug|Any CPU.Build.0 = Debug|Any CPU
		{14F6A855-F918-46EE-A307-3DD795874A61}.Release|Any CPU.ActiveCfg = Release|Any CPU
		{14F6A855-F918-46EE-A307-3DD795874A61}.Release|Any CPU.Build.0 = Release|Any CPU
	EndGlobalSection
	GlobalSection(SolutionProperties) = preSolution
		HideSolutionNode = FALSE
	EndGlobalSection
	GlobalSection(ExtensibilityGlobals) = postSolution
		SolutionGuid = {D6AEFF83-2D66-4938-B379-44030B010E99}
	EndGlobalSection
EndGlobal
